// !$*UTF8*$!
{
	archiveVersion = 1;
	classes = {
	};
	objectVersion = 55;
	objects = {

/* Begin PBXBuildFile section */
		1A86814028D1957800BE2837 /* QuestionViewController.swift in Sources */ = {isa = PBXBuildFile; fileRef = 1A86813F28D1957800BE2837 /* QuestionViewController.swift */; };
		1A86814228D1C93200BE2837 /* SubmitViewController.swift in Sources */ = {isa = PBXBuildFile; fileRef = 1A86814128D1C93200BE2837 /* SubmitViewController.swift */; };
		1A86814428D1EBE500BE2837 /* MountainResult.swift in Sources */ = {isa = PBXBuildFile; fileRef = 1A86814328D1EBE500BE2837 /* MountainResult.swift */; };
		1A86814628D1EC6A00BE2837 /* MountainResultViewModel.swift in Sources */ = {isa = PBXBuildFile; fileRef = 1A86814528D1EC6A00BE2837 /* MountainResultViewModel.swift */; };
		1A86814828D1ED1500BE2837 /* Tester.swift in Sources */ = {isa = PBXBuildFile; fileRef = 1A86814728D1ED1500BE2837 /* Tester.swift */; };
		63A188FE28D16F1600799951 /* AppDelegate.swift in Sources */ = {isa = PBXBuildFile; fileRef = 63A188FD28D16F1600799951 /* AppDelegate.swift */; };
		63A1890028D16F1600799951 /* SceneDelegate.swift in Sources */ = {isa = PBXBuildFile; fileRef = 63A188FF28D16F1600799951 /* SceneDelegate.swift */; };
		63A1890228D16F1600799951 /* MainViewController.swift in Sources */ = {isa = PBXBuildFile; fileRef = 63A1890128D16F1600799951 /* MainViewController.swift */; };
		63A1890528D16F1600799951 /* Main.storyboard in Resources */ = {isa = PBXBuildFile; fileRef = 63A1890328D16F1600799951 /* Main.storyboard */; };
		63A1890728D16F1A00799951 /* Assets.xcassets in Resources */ = {isa = PBXBuildFile; fileRef = 63A1890628D16F1A00799951 /* Assets.xcassets */; };
		63A1890A28D16F1A00799951 /* LaunchScreen.storyboard in Resources */ = {isa = PBXBuildFile; fileRef = 63A1890828D16F1A00799951 /* LaunchScreen.storyboard */; };
		63A1891328D16FA100799951 /* Question.swift in Sources */ = {isa = PBXBuildFile; fileRef = 63A1891228D16FA100799951 /* Question.swift */; };
		63A1891528D1724200799951 /* QuestionType.swift in Sources */ = {isa = PBXBuildFile; fileRef = 63A1891428D1724200799951 /* QuestionType.swift */; };
		63A1891828D1749200799951 /* QuestionViewModel.swift in Sources */ = {isa = PBXBuildFile; fileRef = 63A1891728D1749200799951 /* QuestionViewModel.swift */; };
		63A1891A28D1D2EB00799951 /* ResultViewController.swift in Sources */ = {isa = PBXBuildFile; fileRef = 63A1891928D1D2EB00799951 /* ResultViewController.swift */; };
/* End PBXBuildFile section */

/* Begin PBXFileReference section */
		1A86813F28D1957800BE2837 /* QuestionViewController.swift */ = {isa = PBXFileReference; lastKnownFileType = sourcecode.swift; path = QuestionViewController.swift; sourceTree = "<group>"; };
		1A86814128D1C93200BE2837 /* SubmitViewController.swift */ = {isa = PBXFileReference; lastKnownFileType = sourcecode.swift; path = SubmitViewController.swift; sourceTree = "<group>"; };
		1A86814328D1EBE500BE2837 /* MountainResult.swift */ = {isa = PBXFileReference; lastKnownFileType = sourcecode.swift; path = MountainResult.swift; sourceTree = "<group>"; };
		1A86814528D1EC6A00BE2837 /* MountainResultViewModel.swift */ = {isa = PBXFileReference; lastKnownFileType = sourcecode.swift; path = MountainResultViewModel.swift; sourceTree = "<group>"; };
		1A86814728D1ED1500BE2837 /* Tester.swift */ = {isa = PBXFileReference; lastKnownFileType = sourcecode.swift; path = Tester.swift; sourceTree = "<group>"; };
		63A188FA28D16F1600799951 /* SanCheck.app */ = {isa = PBXFileReference; explicitFileType = wrapper.application; includeInIndex = 0; path = SanCheck.app; sourceTree = BUILT_PRODUCTS_DIR; };
		63A188FD28D16F1600799951 /* AppDelegate.swift */ = {isa = PBXFileReference; lastKnownFileType = sourcecode.swift; path = AppDelegate.swift; sourceTree = "<group>"; };
		63A188FF28D16F1600799951 /* SceneDelegate.swift */ = {isa = PBXFileReference; lastKnownFileType = sourcecode.swift; path = SceneDelegate.swift; sourceTree = "<group>"; };
		63A1890128D16F1600799951 /* MainViewController.swift */ = {isa = PBXFileReference; lastKnownFileType = sourcecode.swift; path = MainViewController.swift; sourceTree = "<group>"; };
		63A1890428D16F1600799951 /* Base */ = {isa = PBXFileReference; lastKnownFileType = file.storyboard; name = Base; path = Base.lproj/Main.storyboard; sourceTree = "<group>"; };
		63A1890628D16F1A00799951 /* Assets.xcassets */ = {isa = PBXFileReference; lastKnownFileType = folder.assetcatalog; path = Assets.xcassets; sourceTree = "<group>"; };
		63A1890928D16F1A00799951 /* Base */ = {isa = PBXFileReference; lastKnownFileType = file.storyboard; name = Base; path = Base.lproj/LaunchScreen.storyboard; sourceTree = "<group>"; };
		63A1890B28D16F1A00799951 /* Info.plist */ = {isa = PBXFileReference; lastKnownFileType = text.plist.xml; path = Info.plist; sourceTree = "<group>"; };
		63A1891228D16FA100799951 /* Question.swift */ = {isa = PBXFileReference; lastKnownFileType = sourcecode.swift; path = Question.swift; sourceTree = "<group>"; };
		63A1891428D1724200799951 /* QuestionType.swift */ = {isa = PBXFileReference; lastKnownFileType = sourcecode.swift; path = QuestionType.swift; sourceTree = "<group>"; };
		63A1891728D1749200799951 /* QuestionViewModel.swift */ = {isa = PBXFileReference; lastKnownFileType = sourcecode.swift; path = QuestionViewModel.swift; sourceTree = "<group>"; };
		63A1891928D1D2EB00799951 /* ResultViewController.swift */ = {isa = PBXFileReference; lastKnownFileType = sourcecode.swift; path = ResultViewController.swift; sourceTree = "<group>"; };
/* End PBXFileReference section */

/* Begin PBXFrameworksBuildPhase section */
		63A188F728D16F1600799951 /* Frameworks */ = {
			isa = PBXFrameworksBuildPhase;
			buildActionMask = 2147483647;
			files = (
			);
			runOnlyForDeploymentPostprocessing = 0;
		};
/* End PBXFrameworksBuildPhase section */

/* Begin PBXGroup section */
		1A86813E28D1956100BE2837 /* View */ = {
			isa = PBXGroup;
			children = (
				1A86813F28D1957800BE2837 /* QuestionViewController.swift */,
				63A1890128D16F1600799951 /* MainViewController.swift */,
				1A86814128D1C93200BE2837 /* SubmitViewController.swift */,
				63A1891928D1D2EB00799951 /* ResultViewController.swift */,
			);
			path = View;
			sourceTree = "<group>";
		};
		63A188F128D16F1600799951 = {
			isa = PBXGroup;
			children = (
				63A188FC28D16F1600799951 /* SanCheck */,
				63A188FB28D16F1600799951 /* Products */,
			);
			sourceTree = "<group>";
		};
		63A188FB28D16F1600799951 /* Products */ = {
			isa = PBXGroup;
			children = (
				63A188FA28D16F1600799951 /* SanCheck.app */,
			);
			name = Products;
			sourceTree = "<group>";
		};
		63A188FC28D16F1600799951 /* SanCheck */ = {
			isa = PBXGroup;
			children = (
				1A86813E28D1956100BE2837 /* View */,
				63A1891628D1748500799951 /* ViewModel */,
				63A1891128D16F7F00799951 /* Model */,
				63A188FD28D16F1600799951 /* AppDelegate.swift */,
				63A188FF28D16F1600799951 /* SceneDelegate.swift */,
				63A1890328D16F1600799951 /* Main.storyboard */,
				63A1890628D16F1A00799951 /* Assets.xcassets */,
				63A1890828D16F1A00799951 /* LaunchScreen.storyboard */,
				63A1890B28D16F1A00799951 /* Info.plist */,
			);
			path = SanCheck;
			sourceTree = "<group>";
		};
		63A1891128D16F7F00799951 /* Model */ = {
			isa = PBXGroup;
			children = (
				63A1891428D1724200799951 /* QuestionType.swift */,
				63A1891228D16FA100799951 /* Question.swift */,
				1A86814328D1EBE500BE2837 /* MountainResult.swift */,
				1A86814728D1ED1500BE2837 /* Tester.swift */,
			);
			path = Model;
			sourceTree = "<group>";
		};
		63A1891628D1748500799951 /* ViewModel */ = {
			isa = PBXGroup;
			children = (
				63A1891728D1749200799951 /* QuestionViewModel.swift */,
				1A86814528D1EC6A00BE2837 /* MountainResultViewModel.swift */,
			);
			path = ViewModel;
			sourceTree = "<group>";
		};
/* End PBXGroup section */

/* Begin PBXNativeTarget section */
		63A188F928D16F1600799951 /* SanCheck */ = {
			isa = PBXNativeTarget;
			buildConfigurationList = 63A1890E28D16F1A00799951 /* Build configuration list for PBXNativeTarget "SanCheck" */;
			buildPhases = (
				63A188F628D16F1600799951 /* Sources */,
				63A188F728D16F1600799951 /* Frameworks */,
				63A188F828D16F1600799951 /* Resources */,
			);
			buildRules = (
			);
			dependencies = (
			);
			name = SanCheck;
			productName = SanCheck;
			productReference = 63A188FA28D16F1600799951 /* SanCheck.app */;
			productType = "com.apple.product-type.application";
		};
/* End PBXNativeTarget section */

/* Begin PBXProject section */
		63A188F228D16F1600799951 /* Project object */ = {
			isa = PBXProject;
			attributes = {
				BuildIndependentTargetsInParallel = 1;
				LastSwiftUpdateCheck = 1340;
				LastUpgradeCheck = 1340;
				TargetAttributes = {
					63A188F928D16F1600799951 = {
						CreatedOnToolsVersion = 13.4;
					};
				};
			};
			buildConfigurationList = 63A188F528D16F1600799951 /* Build configuration list for PBXProject "SanCheck" */;
			compatibilityVersion = "Xcode 13.0";
			developmentRegion = en;
			hasScannedForEncodings = 0;
			knownRegions = (
				en,
				Base,
			);
			mainGroup = 63A188F128D16F1600799951;
			productRefGroup = 63A188FB28D16F1600799951 /* Products */;
			projectDirPath = "";
			projectRoot = "";
			targets = (
				63A188F928D16F1600799951 /* SanCheck */,
			);
		};
/* End PBXProject section */

/* Begin PBXResourcesBuildPhase section */
		63A188F828D16F1600799951 /* Resources */ = {
			isa = PBXResourcesBuildPhase;
			buildActionMask = 2147483647;
			files = (
				63A1890A28D16F1A00799951 /* LaunchScreen.storyboard in Resources */,
				63A1890728D16F1A00799951 /* Assets.xcassets in Resources */,
				63A1890528D16F1600799951 /* Main.storyboard in Resources */,
			);
			runOnlyForDeploymentPostprocessing = 0;
		};
/* End PBXResourcesBuildPhase section */

/* Begin PBXSourcesBuildPhase section */
		63A188F628D16F1600799951 /* Sources */ = {
			isa = PBXSourcesBuildPhase;
			buildActionMask = 2147483647;
			files = (
				1A86814228D1C93200BE2837 /* SubmitViewController.swift in Sources */,
				63A1890228D16F1600799951 /* MainViewController.swift in Sources */,
				63A1891328D16FA100799951 /* Question.swift in Sources */,
				1A86814028D1957800BE2837 /* QuestionViewController.swift in Sources */,
				63A188FE28D16F1600799951 /* AppDelegate.swift in Sources */,
				63A1890028D16F1600799951 /* SceneDelegate.swift in Sources */,
				1A86814828D1ED1500BE2837 /* Tester.swift in Sources */,
				63A1891828D1749200799951 /* QuestionViewModel.swift in Sources */,
				63A1891528D1724200799951 /* QuestionType.swift in Sources */,
				63A1891A28D1D2EB00799951 /* ResultViewController.swift in Sources */,
				1A86814428D1EBE500BE2837 /* MountainResult.swift in Sources */,
				1A86814628D1EC6A00BE2837 /* MountainResultViewModel.swift in Sources */,
			);
			runOnlyForDeploymentPostprocessing = 0;
		};
/* End PBXSourcesBuildPhase section */

/* Begin PBXVariantGroup section */
		63A1890328D16F1600799951 /* Main.storyboard */ = {
			isa = PBXVariantGroup;
			children = (
				63A1890428D16F1600799951 /* Base */,
			);
			name = Main.storyboard;
			sourceTree = "<group>";
		};
		63A1890828D16F1A00799951 /* LaunchScreen.storyboard */ = {
			isa = PBXVariantGroup;
			children = (
				63A1890928D16F1A00799951 /* Base */,
			);
			name = LaunchScreen.storyboard;
			sourceTree = "<group>";
		};
/* End PBXVariantGroup section */

/* Begin XCBuildConfiguration section */
		63A1890C28D16F1A00799951 /* Debug */ = {
			isa = XCBuildConfiguration;
			buildSettings = {
				ALWAYS_SEARCH_USER_PATHS = NO;
				CLANG_ANALYZER_NONNULL = YES;
				CLANG_ANALYZER_NUMBER_OBJECT_CONVERSION = YES_AGGRESSIVE;
				CLANG_CXX_LANGUAGE_STANDARD = "gnu++17";
				CLANG_ENABLE_MODULES = YES;
				CLANG_ENABLE_OBJC_ARC = YES;
				CLANG_ENABLE_OBJC_WEAK = YES;
				CLANG_WARN_BLOCK_CAPTURE_AUTORELEASING = YES;
				CLANG_WARN_BOOL_CONVERSION = YES;
				CLANG_WARN_COMMA = YES;
				CLANG_WARN_CONSTANT_CONVERSION = YES;
				CLANG_WARN_DEPRECATED_OBJC_IMPLEMENTATIONS = YES;
				CLANG_WARN_DIRECT_OBJC_ISA_USAGE = YES_ERROR;
				CLANG_WARN_DOCUMENTATION_COMMENTS = YES;
				CLANG_WARN_EMPTY_BODY = YES;
				CLANG_WARN_ENUM_CONVERSION = YES;
				CLANG_WARN_INFINITE_RECURSION = YES;
				CLANG_WARN_INT_CONVERSION = YES;
				CLANG_WARN_NON_LITERAL_NULL_CONVERSION = YES;
				CLANG_WARN_OBJC_IMPLICIT_RETAIN_SELF = YES;
				CLANG_WARN_OBJC_LITERAL_CONVERSION = YES;
				CLANG_WARN_OBJC_ROOT_CLASS = YES_ERROR;
				CLANG_WARN_QUOTED_INCLUDE_IN_FRAMEWORK_HEADER = YES;
				CLANG_WARN_RANGE_LOOP_ANALYSIS = YES;
				CLANG_WARN_STRICT_PROTOTYPES = YES;
				CLANG_WARN_SUSPICIOUS_MOVE = YES;
				CLANG_WARN_UNGUARDED_AVAILABILITY = YES_AGGRESSIVE;
				CLANG_WARN_UNREACHABLE_CODE = YES;
				CLANG_WARN__DUPLICATE_METHOD_MATCH = YES;
				COPY_PHASE_STRIP = NO;
				DEBUG_INFORMATION_FORMAT = dwarf;
				ENABLE_STRICT_OBJC_MSGSEND = YES;
				ENABLE_TESTABILITY = YES;
				GCC_C_LANGUAGE_STANDARD = gnu11;
				GCC_DYNAMIC_NO_PIC = NO;
				GCC_NO_COMMON_BLOCKS = YES;
				GCC_OPTIMIZATION_LEVEL = 0;
				GCC_PREPROCESSOR_DEFINITIONS = (
					"DEBUG=1",
					"$(inherited)",
				);
				GCC_WARN_64_TO_32_BIT_CONVERSION = YES;
				GCC_WARN_ABOUT_RETURN_TYPE = YES_ERROR;
				GCC_WARN_UNDECLARED_SELECTOR = YES;
				GCC_WARN_UNINITIALIZED_AUTOS = YES_AGGRESSIVE;
				GCC_WARN_UNUSED_FUNCTION = YES;
				GCC_WARN_UNUSED_VARIABLE = YES;
				IPHONEOS_DEPLOYMENT_TARGET = 15.5;
				MTL_ENABLE_DEBUG_INFO = INCLUDE_SOURCE;
				MTL_FAST_MATH = YES;
				ONLY_ACTIVE_ARCH = YES;
				SDKROOT = iphoneos;
				SWIFT_ACTIVE_COMPILATION_CONDITIONS = DEBUG;
				SWIFT_OPTIMIZATION_LEVEL = "-Onone";
			};
			name = Debug;
		};
		63A1890D28D16F1A00799951 /* Release */ = {
			isa = XCBuildConfiguration;
			buildSettings = {
				ALWAYS_SEARCH_USER_PATHS = NO;
				CLANG_ANALYZER_NONNULL = YES;
				CLANG_ANALYZER_NUMBER_OBJECT_CONVERSION = YES_AGGRESSIVE;
				CLANG_CXX_LANGUAGE_STANDARD = "gnu++17";
				CLANG_ENABLE_MODULES = YES;
				CLANG_ENABLE_OBJC_ARC = YES;
				CLANG_ENABLE_OBJC_WEAK = YES;
				CLANG_WARN_BLOCK_CAPTURE_AUTORELEASING = YES;
				CLANG_WARN_BOOL_CONVERSION = YES;
				CLANG_WARN_COMMA = YES;
				CLANG_WARN_CONSTANT_CONVERSION = YES;
				CLANG_WARN_DEPRECATED_OBJC_IMPLEMENTATIONS = YES;
				CLANG_WARN_DIRECT_OBJC_ISA_USAGE = YES_ERROR;
				CLANG_WARN_DOCUMENTATION_COMMENTS = YES;
				CLANG_WARN_EMPTY_BODY = YES;
				CLANG_WARN_ENUM_CONVERSION = YES;
				CLANG_WARN_INFINITE_RECURSION = YES;
				CLANG_WARN_INT_CONVERSION = YES;
				CLANG_WARN_NON_LITERAL_NULL_CONVERSION = YES;
				CLANG_WARN_OBJC_IMPLICIT_RETAIN_SELF = YES;
				CLANG_WARN_OBJC_LITERAL_CONVERSION = YES;
				CLANG_WARN_OBJC_ROOT_CLASS = YES_ERROR;
				CLANG_WARN_QUOTED_INCLUDE_IN_FRAMEWORK_HEADER = YES;
				CLANG_WARN_RANGE_LOOP_ANALYSIS = YES;
				CLANG_WARN_STRICT_PROTOTYPES = YES;
				CLANG_WARN_SUSPICIOUS_MOVE = YES;
				CLANG_WARN_UNGUARDED_AVAILABILITY = YES_AGGRESSIVE;
				CLANG_WARN_UNREACHABLE_CODE = YES;
				CLANG_WARN__DUPLICATE_METHOD_MATCH = YES;
				COPY_PHASE_STRIP = NO;
				DEBUG_INFORMATION_FORMAT = "dwarf-with-dsym";
				ENABLE_NS_ASSERTIONS = NO;
				ENABLE_STRICT_OBJC_MSGSEND = YES;
				GCC_C_LANGUAGE_STANDARD = gnu11;
				GCC_NO_COMMON_BLOCKS = YES;
				GCC_WARN_64_TO_32_BIT_CONVERSION = YES;
				GCC_WARN_ABOUT_RETURN_TYPE = YES_ERROR;
				GCC_WARN_UNDECLARED_SELECTOR = YES;
				GCC_WARN_UNINITIALIZED_AUTOS = YES_AGGRESSIVE;
				GCC_WARN_UNUSED_FUNCTION = YES;
				GCC_WARN_UNUSED_VARIABLE = YES;
				IPHONEOS_DEPLOYMENT_TARGET = 15.5;
				MTL_ENABLE_DEBUG_INFO = NO;
				MTL_FAST_MATH = YES;
				SDKROOT = iphoneos;
				SWIFT_COMPILATION_MODE = wholemodule;
				SWIFT_OPTIMIZATION_LEVEL = "-O";
				VALIDATE_PRODUCT = YES;
			};
			name = Release;
		};
		63A1890F28D16F1A00799951 /* Debug */ = {
			isa = XCBuildConfiguration;
			buildSettings = {
				ASSETCATALOG_COMPILER_APPICON_NAME = AppIcon;
				ASSETCATALOG_COMPILER_GLOBAL_ACCENT_COLOR_NAME = AccentColor;
				CODE_SIGN_STYLE = Automatic;
				CURRENT_PROJECT_VERSION = 1;
				DEVELOPMENT_TEAM = 3LTF5F2YL4;
				GENERATE_INFOPLIST_FILE = YES;
				INFOPLIST_FILE = SanCheck/Info.plist;
				INFOPLIST_KEY_UIApplicationSupportsIndirectInputEvents = YES;
				INFOPLIST_KEY_UILaunchStoryboardName = LaunchScreen;
				INFOPLIST_KEY_UIMainStoryboardFile = Main;
				INFOPLIST_KEY_UISupportedInterfaceOrientations_iPad = "UIInterfaceOrientationPortrait UIInterfaceOrientationPortraitUpsideDown UIInterfaceOrientationLandscapeLeft UIInterfaceOrientationLandscapeRight";
				INFOPLIST_KEY_UISupportedInterfaceOrientations_iPhone = "UIInterfaceOrientationPortrait UIInterfaceOrientationLandscapeLeft UIInterfaceOrientationLandscapeRight";
				LD_RUNPATH_SEARCH_PATHS = (
					"$(inherited)",
					"@executable_path/Frameworks",
				);
				MARKETING_VERSION = 1.0;
				PRODUCT_BUNDLE_IDENTIFIER = com.YeahgDev.SanCheck;
				PRODUCT_NAME = "$(TARGET_NAME)";
				SWIFT_EMIT_LOC_STRINGS = YES;
				SWIFT_VERSION = 5.0;
				TARGETED_DEVICE_FAMILY = "1,2";
			};
			name = Debug;
		};
		63A1891028D16F1A00799951 /* Release */ = {
			isa = XCBuildConfiguration;
			buildSettings = {
				ASSETCATALOG_COMPILER_APPICON_NAME = AppIcon;
				ASSETCATALOG_COMPILER_GLOBAL_ACCENT_COLOR_NAME = AccentColor;
				CODE_SIGN_STYLE = Automatic;
				CURRENT_PROJECT_VERSION = 1;
				DEVELOPMENT_TEAM = 3LTF5F2YL4;
				GENERATE_INFOPLIST_FILE = YES;
				INFOPLIST_FILE = SanCheck/Info.plist;
				INFOPLIST_KEY_UIApplicationSupportsIndirectInputEvents = YES;
				INFOPLIST_KEY_UILaunchStoryboardName = LaunchScreen;
				INFOPLIST_KEY_UIMainStoryboardFile = Main;
				INFOPLIST_KEY_UISupportedInterfaceOrientations_iPad = "UIInterfaceOrientationPortrait UIInterfaceOrientationPortraitUpsideDown UIInterfaceOrientationLandscapeLeft UIInterfaceOrientationLandscapeRight";
				INFOPLIST_KEY_UISupportedInterfaceOrientations_iPhone = "UIInterfaceOrientationPortrait UIInterfaceOrientationLandscapeLeft UIInterfaceOrientationLandscapeRight";
				LD_RUNPATH_SEARCH_PATHS = (
					"$(inherited)",
					"@executable_path/Frameworks",
				);
				MARKETING_VERSION = 1.0;
				PRODUCT_BUNDLE_IDENTIFIER = com.YeahgDev.SanCheck;
				PRODUCT_NAME = "$(TARGET_NAME)";
				SWIFT_EMIT_LOC_STRINGS = YES;
				SWIFT_VERSION = 5.0;
				TARGETED_DEVICE_FAMILY = "1,2";
			};
			name = Release;
		};
/* End XCBuildConfiguration section */

/* Begin XCConfigurationList section */
		63A188F528D16F1600799951 /* Build configuration list for PBXProject "SanCheck" */ = {
			isa = XCConfigurationList;
			buildConfigurations = (
				63A1890C28D16F1A00799951 /* Debug */,
				63A1890D28D16F1A00799951 /* Release */,
			);
			defaultConfigurationIsVisible = 0;
			defaultConfigurationName = Release;
		};
		63A1890E28D16F1A00799951 /* Build configuration list for PBXNativeTarget "SanCheck" */ = {
			isa = XCConfigurationList;
			buildConfigurations = (
				63A1890F28D16F1A00799951 /* Debug */,
				63A1891028D16F1A00799951 /* Release */,
			);
			defaultConfigurationIsVisible = 0;
			defaultConfigurationName = Release;
		};
/* End XCConfigurationList section */
	};
	rootObject = 63A188F228D16F1600799951 /* Project object */;
}
